{
  "name": "harrier",
  "version": "0.0.0",
  "lockfileVersion": 3,
  "requires": true,
  "packages": {
    "": {
      "name": "harrier",
      "version": "0.0.0",
      "devDependencies": {
        "@akinlabs/ai-engineering": "^0.2.0"
      }
    },
    "node_modules/@akinlabs/ai-engineering": {
      "version": "0.2.0",
      "resolved": "https://registry.npmjs.org/@akinlabs/ai-engineering/-/ai-engineering-0.2.0.tgz",
      "integrity": "sha512-ucDiTxfPSzPs1GwnGliil2pcZGPqO7/3RFlEkl8ZEY+PucEisQkFD1p9MjVOS6QlZ29SI/kBRfeSXUgQzbo2og==",
      "dev": true,
      "license": "MIT",
      "dependencies": {
        "yaml": "^2.8.1"
      },
      "bin": {
        "ai": "bin/ai.mjs",
        "aie": "bin/aie.mjs"
      },
      "engines": {
        "node": ">=20"
      },
      "funding": {
        "type": "individual",
        "url": "https://github.com/sponsors/akin-oz"
      }
    },
    "node_modules/yaml": {
      "version": "2.9.0",
      "resolved": "https://registry.npmjs.org/yaml/-/yaml-2.9.0.tgz",
      "integrity": "sha512-2AvhNX3mb8zd6Zy7INTtSpl1F15HW6Wnqj0srWlkKLcpYl/gMIMJiyuGq2KeI2YFxUPjdlB+3Lc10seMLtL4cA==",
      "dev": true,
      "license": "ISC",
      "bin": {
        "yaml": "bin.mjs"
      },
      "engines": {
        "node": ">= 14.6"
      },
      "funding": {
        "url": "https://github.com/sponsors/eemeli"
      }
    }
  }
}
